
Microsoft Visual Studio Solution File, Format Version 12.00
Project("{FAE04EC0-301F-11D3-BF4B-00C04F79EFBC}") = "FeatureFlag.Api", "FeatureFlag.Api\FeatureFlag.Api.csproj", "{AA03987D-1C94-4BB8-9E81-D58DAB79D243}"
EndProject
Project("{2150E333-8FDC-42A3-9474-1A3956D46DE8}") = "Solution Items", "Solution Items", "{D6C8C267-8152-42C0-985C-19181553DBEF}"
	ProjectSection(SolutionItems) = preProject
		docker-compose.yml = docker-compose.yml
	EndProjectSection
EndProject
Project("{FAE04EC0-301F-11D3-BF4B-00C04F79EFBC}") = "FeatureFlag.Domain", "FeatureFlag.Domain\FeatureFlag.Domain.csproj", "{A8EF9C0E-43E2-416A-970A-3F1C2263D63E}"
EndProject
Project("{FAE04EC0-301F-11D3-BF4B-00C04F79EFBC}") = "FeatureFlag.Application", "FeatureFlag.Application\FeatureFlag.Application.csproj", "{05CE90E1-A2FE-4CED-A8D5-4B91A6F241E1}"
EndProject
Project("{FAE04EC0-301F-11D3-BF4B-00C04F79EFBC}") = "FeatureFlag.Repository", "FeatureFlag.Repository\FeatureFlag.Repository.csproj", "{A30A01F5-2542-457B-85DC-C37A48862379}"
EndProject
Global
	GlobalSection(SolutionConfigurationPlatforms) = preSolution
		Debug|Any CPU = Debug|Any CPU
		Release|Any CPU = Release|Any CPU
	EndGlobalSection
	GlobalSection(ProjectConfigurationPlatforms) = postSolution
		{AA03987D-1C94-4BB8-9E81-D58DAB79D243}.Debug|Any CPU.ActiveCfg = Debug|Any CPU
		{AA03987D-1C94-4BB8-9E81-D58DAB79D243}.Debug|Any CPU.Build.0 = Debug|Any CPU
		{AA03987D-1C94-4BB8-9E81-D58DAB79D243}.Release|Any CPU.ActiveCfg = Release|Any CPU
		{AA03987D-1C94-4BB8-9E81-D58DAB79D243}.Release|Any CPU.Build.0 = Release|Any CPU
		{A8EF9C0E-43E2-416A-970A-3F1C2263D63E}.Debug|Any CPU.ActiveCfg = Debug|Any CPU
		{A8EF9C0E-43E2-416A-970A-3F1C2263D63E}.Debug|Any CPU.Build.0 = Debug|Any CPU
		{A8EF9C0E-43E2-416A-970A-3F1C2263D63E}.Release|Any CPU.ActiveCfg = Release|Any CPU
		{A8EF9C0E-43E2-416A-970A-3F1C2263D63E}.Release|Any CPU.Build.0 = Release|Any CPU
		{05CE90E1-A2FE-4CED-A8D5-4B91A6F241E1}.Debug|Any CPU.ActiveCfg = Debug|Any CPU
		{05CE90E1-A2FE-4CED-A8D5-4B91A6F241E1}.Debug|Any CPU.Build.0 = Debug|Any CPU
		{05CE90E1-A2FE-4CED-A8D5-4B91A6F241E1}.Release|Any CPU.ActiveCfg = Release|Any CPU
		{05CE90E1-A2FE-4CED-A8D5-4B91A6F241E1}.Release|Any CPU.Build.0 = Release|Any CPU
		{A30A01F5-2542-457B-85DC-C37A48862379}.Debug|Any CPU.ActiveCfg = Debug|Any CPU
		{A30A01F5-2542-457B-85DC-C37A48862379}.Debug|Any CPU.Build.0 = Debug|Any CPU
		{A30A01F5-2542-457B-85DC-C37A48862379}.Release|Any CPU.ActiveCfg = Release|Any CPU
		{A30A01F5-2542-457B-85DC-C37A48862379}.Release|Any CPU.Build.0 = Release|Any CPU
	EndGlobalSection
EndGlobal
